
Microsoft Visual Studio Solution File, Format Version 10.00
# Visual C++ Express 2008
Project("{8BC9CEB8-8B4A-11D0-8D11-00A0C91BC942}") = "skull", "skull.vcproj", "{27885377-F28D-467D-9BB6-460D767B1ACC}"
EndProject
Global
	GlobalSection(SolutionConfigurationPlatforms) = preSolution
		Debug|Win32 = Debug|Win32
		Release|Win32 = Release|Win32
	EndGlobalSection
	GlobalSection(ProjectConfigurationPlatforms) = postSolution
		{27885377-F28D-467D-9BB6-460D767B1ACC}.Debug|Win32.ActiveCfg = Debug|Win32
		{27885377-F28D-467D-9BB6-460D767B1ACC}.Debug|Win32.Build.0 = Debug|Win32
		{27885377-F28D-467D-9BB6-460D767B1ACC}.Release|Win32.ActiveCfg = Release|Win32
		{27885377-F28D-467D-9BB6-460D767B1ACC}.Release|Win32.Build.0 = Release|Win32
	EndGlobalSection
	GlobalSection(SolutionProperties) = preSolution
		HideSolutionNode = FALSE
	EndGlobalSection
EndGlobal
