
Microsoft Visual Studio Solution File, Format Version 9.00
# Visual Studio 2005
Project("{8BC9CEB8-8B4A-11D0-8D11-00A0C91BC942}") = "Exp00069", "Exp00069.vcproj", "{DCA1858F-5F79-41BD-80CC-3F3F6CB82CC3}"
EndProject
Global
	GlobalSection(SolutionConfigurationPlatforms) = preSolution
		Debug|Win32 = Debug|Win32
		Release|Win32 = Release|Win32
	EndGlobalSection
	GlobalSection(ProjectConfigurationPlatforms) = postSolution
		{DCA1858F-5F79-41BD-80CC-3F3F6CB82CC3}.Debug|Win32.ActiveCfg = Debug|Win32
		{DCA1858F-5F79-41BD-80CC-3F3F6CB82CC3}.Debug|Win32.Build.0 = Debug|Win32
		{DCA1858F-5F79-41BD-80CC-3F3F6CB82CC3}.Release|Win32.ActiveCfg = Release|Win32
		{DCA1858F-5F79-41BD-80CC-3F3F6CB82CC3}.Release|Win32.Build.0 = Release|Win32
	EndGlobalSection
	GlobalSection(SolutionProperties) = preSolution
		HideSolutionNode = FALSE
	EndGlobalSection
EndGlobal
