<?xml version="1.0" encoding="utf-8"?>
<Project ToolsVersion="4.0" xmlns="http://schemas.microsoft.com/developer/msbuild/2003">
  <ItemGroup>
    <Filter Include="Source Files">
      <UniqueIdentifier>{5960c82e-bbf8-4734-a264-9d6157c1a542}</UniqueIdentifier>
      <Extensions>cpp;c;cxx;rc;def;r;odl;idl;hpj;bat</Extensions>
    </Filter>
    <Filter Include="Header Files">
      <UniqueIdentifier>{7be2c1f7-75b5-42e0-a352-e136bee9910d}</UniqueIdentifier>
      <Extensions>h;hpp;hxx;hm;inl</Extensions>
    </Filter>
    <Filter Include="Resource Files">
      <UniqueIdentifier>{a0866e5a-685c-4570-9f57-fd43f16f4b05}</UniqueIdentifier>
      <Extensions>ico;cur;bmp;dlg;rc2;rct;bin;rgs;gif;jpg;jpeg;jpe</Extensions>
    </Filter>
  </ItemGroup>
  <ItemGroup>
    <ClCompile Include="AddImageDlg.cpp">
      <Filter>Source Files</Filter>
    </ClCompile>
    <ClCompile Include="AddImageDlg2.cpp">
      <Filter>Source Files</Filter>
    </ClCompile>
    <ClCompile Include="AnchorDlg.cpp">
      <Filter>Source Files</Filter>
    </ClCompile>
    <ClCompile Include="ChildFrame.cpp">
      <Filter>Source Files</Filter>
    </ClCompile>
    <ClCompile Include="CompatDC.cpp">
      <Filter>Source Files</Filter>
    </ClCompile>
    <ClCompile Include="CSVrw.cpp">
      <Filter>Source Files</Filter>
    </ClCompile>
    <ClCompile Include="CustRichEditCtrl.cpp">
      <Filter>Source Files</Filter>
    </ClCompile>
    <ClCompile Include="DGridCtrl.cpp">
      <Filter>Source Files</Filter>
    </ClCompile>
    <ClCompile Include="DiffExportDlg.cpp">
      <Filter>Source Files</Filter>
    </ClCompile>
    <ClCompile Include="DiffExportExec.cpp">
      <Filter>Source Files</Filter>
    </ClCompile>
    <ClCompile Include="DiffImportDlg.cpp">
      <Filter>Source Files</Filter>
    </ClCompile>
    <ClCompile Include="DiffImportExec.cpp">
      <Filter>Source Files</Filter>
    </ClCompile>
    <ClCompile Include="DM1ImageComp.cpp">
      <Filter>Source Files</Filter>
    </ClCompile>
    <ClCompile Include="DM2BSwDomain.cpp">
      <Filter>Source Files</Filter>
    </ClCompile>
    <ClCompile Include="DM2CompAdv.cpp">
      <Filter>Source Files</Filter>
    </ClCompile>
    <ClCompile Include="DM2DescriptCtx.cpp">
      <Filter>Source Files</Filter>
    </ClCompile>
    <ClCompile Include="DM2EdPicFrame.cpp">
      <Filter>Source Files</Filter>
    </ClCompile>
    <ClCompile Include="DM2EdPicView.cpp">
      <Filter>Source Files</Filter>
    </ClCompile>
    <ClCompile Include="DM2GDED.cpp">
      <Filter>Source Files</Filter>
    </ClCompile>
    <ClCompile Include="DM2GDEDDoc.cpp">
      <Filter>Source Files</Filter>
    </ClCompile>
    <ClCompile Include="DM2GDEDOPInfoDlg.cpp">
      <Filter>Source Files</Filter>
    </ClCompile>
    <ClCompile Include="DM2GDEDSplitterWnd.cpp">
      <Filter>Source Files</Filter>
    </ClCompile>
    <ClCompile Include="DM2GDEDTeView.cpp">
      <Filter>Source Files</Filter>
    </ClCompile>
    <ClCompile Include="DM2GDEDView.cpp">
      <Filter>Source Files</Filter>
    </ClCompile>
    <ClCompile Include="DM2GDEDView2.cpp">
      <Filter>Source Files</Filter>
    </ClCompile>
    <ClCompile Include="DM2ImageComp.cpp">
      <Filter>Source Files</Filter>
    </ClCompile>
    <ClCompile Include="DM2ImageExch.cpp">
      <Filter>Source Files</Filter>
    </ClCompile>
    <ClCompile Include="DM2NI1Page.cpp">
      <Filter>Source Files</Filter>
    </ClCompile>
    <ClCompile Include="DM2NI2Page.cpp">
      <Filter>Source Files</Filter>
    </ClCompile>
    <ClCompile Include="DM2NI3Page.cpp">
      <Filter>Source Files</Filter>
    </ClCompile>
    <ClCompile Include="DM2NI4Page.cpp">
      <Filter>Source Files</Filter>
    </ClCompile>
    <ClCompile Include="DM2NIBPage.cpp">
      <Filter>Source Files</Filter>
    </ClCompile>
    <ClCompile Include="DM2NICtx.cpp">
      <Filter>Source Files</Filter>
    </ClCompile>
    <ClCompile Include="DM2NIMan.cpp">
      <Filter>Source Files</Filter>
    </ClCompile>
    <ClCompile Include="DM2NIPS.cpp">
      <Filter>Source Files</Filter>
    </ClCompile>
    <ClCompile Include="DM2NIPvFrame.cpp">
      <Filter>Source Files</Filter>
    </ClCompile>
    <ClCompile Include="DM2NIPvView.cpp">
      <Filter>Source Files</Filter>
    </ClCompile>
    <ClCompile Include="DM2Palo.cpp">
      <Filter>Source Files</Filter>
    </ClCompile>
    <ClCompile Include="DM2PIPDescList.cpp">
      <Filter>Source Files</Filter>
    </ClCompile>
    <ClCompile Include="DM2RawContConv.cpp">
      <Filter>Source Files</Filter>
    </ClCompile>
    <ClCompile Include="DM2RPtr.cpp">
      <Filter>Source Files</Filter>
    </ClCompile>
    <ClCompile Include="DM2RTextToken.cpp">
      <Filter>Source Files</Filter>
    </ClCompile>
    <ClCompile Include="DM2SelColorKeyCB.cpp">
      <Filter>Source Files</Filter>
    </ClCompile>
    <ClCompile Include="DM2SelColorKeyStatic.cpp">
      <Filter>Source Files</Filter>
    </ClCompile>
    <ClCompile Include="DM2SIIVCtx.cpp">
      <Filter>Source Files</Filter>
    </ClCompile>
    <ClCompile Include="DM2SkCmdList.cpp">
      <Filter>Source Files</Filter>
    </ClCompile>
    <ClCompile Include="DM2TextEncImpl.cpp">
      <Filter>Source Files</Filter>
    </ClCompile>
    <ClCompile Include="DM2TextEncoder.cpp">
      <Filter>Source Files</Filter>
    </ClCompile>
    <ClCompile Include="DM2TTbl.cpp">
      <Filter>Source Files</Filter>
    </ClCompile>
    <ClCompile Include="DM2VwPicVwPal.cpp">
      <Filter>Source Files</Filter>
    </ClCompile>
    <ClCompile Include="DM2VwSceneFrame.cpp">
      <Filter>Source Files</Filter>
    </ClCompile>
    <ClCompile Include="DM2VwSceneVw.cpp">
      <Filter>Source Files</Filter>
    </ClCompile>
    <ClCompile Include="DMGHLci.cpp">
      <Filter>Source Files</Filter>
    </ClCompile>
    <ClCompile Include="DMLocPalWnd.cpp">
      <Filter>Source Files</Filter>
    </ClCompile>
    <ClCompile Include="DTreeDock.cpp">
      <Filter>Source Files</Filter>
    </ClCompile>
    <ClCompile Include="DTreeUsing.cpp">
      <Filter>Source Files</Filter>
    </ClCompile>
    <ClCompile Include="DTreeView.cpp">
      <Filter>Source Files</Filter>
    </ClCompile>
    <ClCompile Include="EditHeroStatDlg.cpp">
      <Filter>Source Files</Filter>
    </ClCompile>
    <ClCompile Include="EditImageFragsDlg.cpp">
      <Filter>Source Files</Filter>
    </ClCompile>
    <ClCompile Include="EditImgFlgsDlg.cpp">
      <Filter>Source Files</Filter>
    </ClCompile>
    <ClCompile Include="EditPCMCB.cpp">
      <Filter>Source Files</Filter>
    </ClCompile>
    <ClCompile Include="EditPCMDlg.cpp">
      <Filter>Source Files</Filter>
    </ClCompile>
    <ClCompile Include="EditStandbyDlg.cpp">
      <Filter>Source Files</Filter>
    </ClCompile>
    <ClCompile Include="EditVCreaturePg.cpp">
      <Filter>Source Files</Filter>
    </ClCompile>
    <ClCompile Include="EditVCtx.cpp">
      <Filter>Source Files</Filter>
    </ClCompile>
    <ClCompile Include="EditVFlagsPg.cpp">
      <Filter>Source Files</Filter>
    </ClCompile>
    <ClCompile Include="EditVIconAnimPg.cpp">
      <Filter>Source Files</Filter>
    </ClCompile>
    <ClCompile Include="EditVIOff.cpp">
      <Filter>Source Files</Filter>
    </ClCompile>
    <ClCompile Include="EditVMSItemsPg.cpp">
      <Filter>Source Files</Filter>
    </ClCompile>
    <ClCompile Include="EditVPg.cpp">
      <Filter>Source Files</Filter>
    </ClCompile>
    <ClCompile Include="EditVRuneSel.cpp">
      <Filter>Source Files</Filter>
    </ClCompile>
    <ClCompile Include="EditVSelectPg.cpp">
      <Filter>Source Files</Filter>
    </ClCompile>
    <ClCompile Include="EditVSharpResistPg.cpp">
      <Filter>Source Files</Filter>
    </ClCompile>
    <ClCompile Include="EditVSKText.cpp">
      <Filter>Source Files</Filter>
    </ClCompile>
    <ClCompile Include="EditVSSItemPg.cpp">
      <Filter>Source Files</Filter>
    </ClCompile>
    <ClCompile Include="EditVTextPg.cpp">
      <Filter>Source Files</Filter>
    </ClCompile>
    <ClCompile Include="EditVWordValPg.cpp">
      <Filter>Source Files</Filter>
    </ClCompile>
    <ClCompile Include="EditVxxx.cpp">
      <Filter>Source Files</Filter>
    </ClCompile>
    <ClCompile Include="ExportDATComment.cpp">
      <Filter>Source Files</Filter>
    </ClCompile>
    <ClCompile Include="ExportDATDoc.cpp">
      <Filter>Source Files</Filter>
    </ClCompile>
    <ClCompile Include="ExportDATFrame.cpp">
      <Filter>Source Files</Filter>
    </ClCompile>
    <ClCompile Include="ExportDATHintDlg.cpp">
      <Filter>Source Files</Filter>
    </ClCompile>
    <ClCompile Include="ExportDATListVw.cpp">
      <Filter>Source Files</Filter>
    </ClCompile>
    <ClCompile Include="ExportDATTreeVw.cpp">
      <Filter>Source Files</Filter>
    </ClCompile>
    <ClCompile Include="ExportEditCommentDlg.cpp">
      <Filter>Source Files</Filter>
    </ClCompile>
    <ClCompile Include="ExtBM.cpp">
      <Filter>Source Files</Filter>
    </ClCompile>
    <ClCompile Include="F2C.cpp">
      <Filter>Source Files</Filter>
    </ClCompile>
    <ClCompile Include="FlatSplitterWnd.cpp">
      <Filter>Source Files</Filter>
    </ClCompile>
    <ClCompile Include="FM.cpp">
      <Filter>Source Files</Filter>
    </ClCompile>
    <ClCompile Include="FocusReminder.cpp">
      <Filter>Source Files</Filter>
    </ClCompile>
    <ClCompile Include="ForthInt.cpp">
      <Filter>Source Files</Filter>
    </ClCompile>
    <ClCompile Include="GDAT.cpp">
      <Filter>Source Files</Filter>
    </ClCompile>
    <ClCompile Include="GDEdCtx.cpp">
      <Filter>Source Files</Filter>
    </ClCompile>
    <ClCompile Include="GDEntry.cpp">
      <Filter>Source Files</Filter>
    </ClCompile>
    <ClCompile Include="GridCtrl\GridCell.cpp">
      <Filter>Source Files</Filter>
    </ClCompile>
    <ClCompile Include="GridCtrl\GridCellBase.cpp">
      <Filter>Source Files</Filter>
    </ClCompile>
    <ClCompile Include="GridCtrl\GridCellCheck.cpp">
      <Filter>Source Files</Filter>
    </ClCompile>
    <ClCompile Include="GridCtrl\GridCellCombo.cpp">
      <Filter>Source Files</Filter>
    </ClCompile>
    <ClCompile Include="GridCtrl\GridCtrl.cpp">
      <Filter>Source Files</Filter>
    </ClCompile>
    <ClCompile Include="GridCtrl\GridDropTarget.cpp">
      <Filter>Source Files</Filter>
    </ClCompile>
    <ClCompile Include="HexEditCB.cpp">
      <Filter>Source Files</Filter>
    </ClCompile>
    <ClCompile Include="HexEditFrame.cpp">
      <Filter>Source Files</Filter>
    </ClCompile>
    <ClCompile Include="HexEditView.cpp">
      <Filter>Source Files</Filter>
    </ClCompile>
    <ClCompile Include="hyperlink\HyperLink.cpp">
      <Filter>Source Files</Filter>
    </ClCompile>
    <ClCompile Include="ILSp.cpp">
      <Filter>Source Files</Filter>
    </ClCompile>
    <ClCompile Include="ImportDATFx.cpp">
      <Filter>Source Files</Filter>
    </ClCompile>
    <ClCompile Include="ImportQueryDlg.cpp">
      <Filter>Source Files</Filter>
    </ClCompile>
    <ClCompile Include="ImportResDlg.cpp">
      <Filter>Source Files</Filter>
    </ClCompile>
    <ClCompile Include="GridCtrl\InPlaceEdit.cpp">
      <Filter>Source Files</Filter>
    </ClCompile>
    <ClCompile Include="InprogressDlg.cpp">
      <Filter>Source Files</Filter>
    </ClCompile>
    <ClCompile Include="MainFrm.cpp">
      <Filter>Source Files</Filter>
    </ClCompile>
    <ClCompile Include="OpenFileTypeDlg.cpp">
      <Filter>Source Files</Filter>
    </ClCompile>
    <ClCompile Include="OpenFTQueryFileDlg.cpp">
      <Filter>Source Files</Filter>
    </ClCompile>
    <ClCompile Include="OSP.cpp">
      <Filter>Source Files</Filter>
    </ClCompile>
    <ClCompile Include="RCI.cpp">
      <Filter>Source Files</Filter>
    </ClCompile>
    <ClCompile Include="RCT2.cpp">
      <Filter>Source Files</Filter>
    </ClCompile>
    <ClCompile Include="ReplC1Dlg.cpp">
      <Filter>Source Files</Filter>
    </ClCompile>
    <ClCompile Include="RuneSelStatic.cpp">
      <Filter>Source Files</Filter>
    </ClCompile>
    <ClCompile Include="scb\scbarcf.cpp">
      <Filter>Source Files</Filter>
    </ClCompile>
    <ClCompile Include="scb\scbarg.cpp">
      <Filter>Source Files</Filter>
    </ClCompile>
    <ClCompile Include="SelCMDlg.cpp">
      <Filter>Source Files</Filter>
    </ClCompile>
    <ClCompile Include="scb\sizecbar.cpp">
      <Filter>Source Files</Filter>
    </ClCompile>
    <ClCompile Include="SizeVuff.cpp">
      <Filter>Source Files</Filter>
    </ClCompile>
    <ClCompile Include="SKTextGridCtrl.cpp">
      <Filter>Source Files</Filter>
    </ClCompile>
    <ClCompile Include="SplitStr.cpp">
      <Filter>Source Files</Filter>
    </ClCompile>
    <ClCompile Include="StaticImagePv.cpp">
      <Filter>Source Files</Filter>
    </ClCompile>
    <ClCompile Include="StdAfx.cpp">
      <Filter>Source Files</Filter>
    </ClCompile>
    <ClCompile Include="GridCtrl\TitleTip.cpp">
      <Filter>Source Files</Filter>
    </ClCompile>
    <ClCompile Include="Flatbar_src\ToolBarEx.cpp">
      <Filter>Source Files</Filter>
    </ClCompile>
    <ClCompile Include="WVCT.cpp">
      <Filter>Source Files</Filter>
    </ClCompile>
  </ItemGroup>
  <ItemGroup>
    <ResourceCompile Include="DM2GDED.rc">
      <Filter>Source Files</Filter>
    </ResourceCompile>
  </ItemGroup>
  <ItemGroup>
    <ClInclude Include="AddImageDlg.h">
      <Filter>Header Files</Filter>
    </ClInclude>
    <ClInclude Include="AddImageDlg2.h">
      <Filter>Header Files</Filter>
    </ClInclude>
    <ClInclude Include="AnchorDlg.h">
      <Filter>Header Files</Filter>
    </ClInclude>
    <ClInclude Include="GridCtrl\CellRange.h">
      <Filter>Header Files</Filter>
    </ClInclude>
    <ClInclude Include="ChildFrame.h">
      <Filter>Header Files</Filter>
    </ClInclude>
    <ClInclude Include="CompatDC.h">
      <Filter>Header Files</Filter>
    </ClInclude>
    <ClInclude Include="CSVrw.h">
      <Filter>Header Files</Filter>
    </ClInclude>
    <ClInclude Include="CustRichEditCtrl.h">
      <Filter>Header Files</Filter>
    </ClInclude>
    <ClInclude Include="DGridCtrl.h">
      <Filter>Header Files</Filter>
    </ClInclude>
    <ClInclude Include="DiffExportDlg.h">
      <Filter>Header Files</Filter>
    </ClInclude>
    <ClInclude Include="DiffExportExec.h">
      <Filter>Header Files</Filter>
    </ClInclude>
    <ClInclude Include="DiffImportDlg.h">
      <Filter>Header Files</Filter>
    </ClInclude>
    <ClInclude Include="DiffImportExec.h">
      <Filter>Header Files</Filter>
    </ClInclude>
    <ClInclude Include="DM1ImageComp.h">
      <Filter>Header Files</Filter>
    </ClInclude>
    <ClInclude Include="DM2BSwDomain.h">
      <Filter>Header Files</Filter>
    </ClInclude>
    <ClInclude Include="DM2CompAdv.h">
      <Filter>Header Files</Filter>
    </ClInclude>
    <ClInclude Include="DM2DescriptCtx.h">
      <Filter>Header Files</Filter>
    </ClInclude>
    <ClInclude Include="DM2EdPicFrame.h">
      <Filter>Header Files</Filter>
    </ClInclude>
    <ClInclude Include="DM2GDED.h">
      <Filter>Header Files</Filter>
    </ClInclude>
    <ClInclude Include="DM2GDEDDoc.h">
      <Filter>Header Files</Filter>
    </ClInclude>
    <ClInclude Include="DM2GDEDOPInfoDlg.h">
      <Filter>Header Files</Filter>
    </ClInclude>
    <ClInclude Include="DM2GDEDSplitterWnd.h">
      <Filter>Header Files</Filter>
    </ClInclude>
    <ClInclude Include="DM2GDEDTeView.h">
      <Filter>Header Files</Filter>
    </ClInclude>
    <ClInclude Include="DM2GDEDView.h">
      <Filter>Header Files</Filter>
    </ClInclude>
    <ClInclude Include="DM2GDEDView2.h">
      <Filter>Header Files</Filter>
    </ClInclude>
    <ClInclude Include="DM2ImageComp.h">
      <Filter>Header Files</Filter>
    </ClInclude>
    <ClInclude Include="DM2ImageExch.h">
      <Filter>Header Files</Filter>
    </ClInclude>
    <ClInclude Include="DM2NI1Page.h">
      <Filter>Header Files</Filter>
    </ClInclude>
    <ClInclude Include="DM2NI2Page.h">
      <Filter>Header Files</Filter>
    </ClInclude>
    <ClInclude Include="DM2NI3Page.h">
      <Filter>Header Files</Filter>
    </ClInclude>
    <ClInclude Include="DM2NI4Page.h">
      <Filter>Header Files</Filter>
    </ClInclude>
    <ClInclude Include="DM2NIBPage.h">
      <Filter>Header Files</Filter>
    </ClInclude>
    <ClInclude Include="DM2NICtx.h">
      <Filter>Header Files</Filter>
    </ClInclude>
    <ClInclude Include="DM2NIMan.h">
      <Filter>Header Files</Filter>
    </ClInclude>
    <ClInclude Include="DM2NIPS.h">
      <Filter>Header Files</Filter>
    </ClInclude>
    <ClInclude Include="DM2NIPvFrame.h">
      <Filter>Header Files</Filter>
    </ClInclude>
    <ClInclude Include="DM2NIPvView.h">
      <Filter>Header Files</Filter>
    </ClInclude>
    <ClInclude Include="DM2Palo.h">
      <Filter>Header Files</Filter>
    </ClInclude>
    <ClInclude Include="DM2PIPDescList.h">
      <Filter>Header Files</Filter>
    </ClInclude>
    <ClInclude Include="DM2RawContConv.h">
      <Filter>Header Files</Filter>
    </ClInclude>
    <ClInclude Include="DM2RPtr.h">
      <Filter>Header Files</Filter>
    </ClInclude>
    <ClInclude Include="DM2RTextToken.h">
      <Filter>Header Files</Filter>
    </ClInclude>
    <ClInclude Include="DM2SelColorKeyCB.h">
      <Filter>Header Files</Filter>
    </ClInclude>
    <ClInclude Include="DM2SelColorKeyStatic.h">
      <Filter>Header Files</Filter>
    </ClInclude>
    <ClInclude Include="DM2SIIVCtx.h">
      <Filter>Header Files</Filter>
    </ClInclude>
    <ClInclude Include="DM2SkCmdList.h">
      <Filter>Header Files</Filter>
    </ClInclude>
    <ClInclude Include="DM2TextEncImpl.h">
      <Filter>Header Files</Filter>
    </ClInclude>
    <ClInclude Include="DM2TextEncoder.h">
      <Filter>Header Files</Filter>
    </ClInclude>
    <ClInclude Include="DM2TTbl.h">
      <Filter>Header Files</Filter>
    </ClInclude>
    <ClInclude Include="DM2VwPicVwPal.h">
      <Filter>Header Files</Filter>
    </ClInclude>
    <ClInclude Include="DM2VwSceneFrame.h">
      <Filter>Header Files</Filter>
    </ClInclude>
    <ClInclude Include="DM2VwSceneVw.h">
      <Filter>Header Files</Filter>
    </ClInclude>
    <ClInclude Include="DMGHLc.h">
      <Filter>Header Files</Filter>
    </ClInclude>
    <ClInclude Include="DMGHLci.h">
      <Filter>Header Files</Filter>
    </ClInclude>
    <ClInclude Include="DMGHLt.h">
      <Filter>Header Files</Filter>
    </ClInclude>
    <ClInclude Include="DMLocPalWnd.h">
      <Filter>Header Files</Filter>
    </ClInclude>
    <ClInclude Include="DTreeDock.h">
      <Filter>Header Files</Filter>
    </ClInclude>
    <ClInclude Include="DTreeUsing.h">
      <Filter>Header Files</Filter>
    </ClInclude>
    <ClInclude Include="DTreeView.h">
      <Filter>Header Files</Filter>
    </ClInclude>
    <ClInclude Include="EditHeroStatDlg.h">
      <Filter>Header Files</Filter>
    </ClInclude>
    <ClInclude Include="EditImageFragsDlg.h">
      <Filter>Header Files</Filter>
    </ClInclude>
    <ClInclude Include="EditImgFlgsDlg.h">
      <Filter>Header Files</Filter>
    </ClInclude>
    <ClInclude Include="EditPCMCB.h">
      <Filter>Header Files</Filter>
    </ClInclude>
    <ClInclude Include="EditPCMDlg.h">
      <Filter>Header Files</Filter>
    </ClInclude>
    <ClInclude Include="EditStandbyDlg.h">
      <Filter>Header Files</Filter>
    </ClInclude>
    <ClInclude Include="EditVCreaturePg.h">
      <Filter>Header Files</Filter>
    </ClInclude>
    <ClInclude Include="EditVCtx.h">
      <Filter>Header Files</Filter>
    </ClInclude>
    <ClInclude Include="EditVFlagsPg.h">
      <Filter>Header Files</Filter>
    </ClInclude>
    <ClInclude Include="EditVIconAnimPg.h">
      <Filter>Header Files</Filter>
    </ClInclude>
    <ClInclude Include="EditVIOff.h">
      <Filter>Header Files</Filter>
    </ClInclude>
    <ClInclude Include="EditVMSItemsPg.h">
      <Filter>Header Files</Filter>
    </ClInclude>
    <ClInclude Include="EditVPg.h">
      <Filter>Header Files</Filter>
    </ClInclude>
    <ClInclude Include="EditVPgTemp.h">
      <Filter>Header Files</Filter>
    </ClInclude>
    <ClInclude Include="EditVRuneSel.h">
      <Filter>Header Files</Filter>
    </ClInclude>
    <ClInclude Include="EditVSelectPg.h">
      <Filter>Header Files</Filter>
    </ClInclude>
    <ClInclude Include="EditVSharpResistPg.h">
      <Filter>Header Files</Filter>
    </ClInclude>
    <ClInclude Include="EditVSKText.h">
      <Filter>Header Files</Filter>
    </ClInclude>
    <ClInclude Include="EditVSSItemPg.h">
      <Filter>Header Files</Filter>
    </ClInclude>
    <ClInclude Include="EditVTextPg.h">
      <Filter>Header Files</Filter>
    </ClInclude>
    <ClInclude Include="EditVWordValPg.h">
      <Filter>Header Files</Filter>
    </ClInclude>
    <ClInclude Include="EditVxxx.h">
      <Filter>Header Files</Filter>
    </ClInclude>
    <ClInclude Include="EndianUtil.h">
      <Filter>Header Files</Filter>
    </ClInclude>
    <ClInclude Include="ExportDATComment.h">
      <Filter>Header Files</Filter>
    </ClInclude>
    <ClInclude Include="ExportDATDoc.h">
      <Filter>Header Files</Filter>
    </ClInclude>
    <ClInclude Include="ExportDATFrame.h">
      <Filter>Header Files</Filter>
    </ClInclude>
    <ClInclude Include="ExportDATHintDlg.h">
      <Filter>Header Files</Filter>
    </ClInclude>
    <ClInclude Include="ExportDATListVw.h">
      <Filter>Header Files</Filter>
    </ClInclude>
    <ClInclude Include="ExportDATTreeVw.h">
      <Filter>Header Files</Filter>
    </ClInclude>
    <ClInclude Include="ExportEditCommentDlg.h">
      <Filter>Header Files</Filter>
    </ClInclude>
    <ClInclude Include="ExtBM.h">
      <Filter>Header Files</Filter>
    </ClInclude>
    <ClInclude Include="F2C.h">
      <Filter>Header Files</Filter>
    </ClInclude>
    <ClInclude Include="FlatSplitterWnd.h">
      <Filter>Header Files</Filter>
    </ClInclude>
    <ClInclude Include="FM.h">
      <Filter>Header Files</Filter>
    </ClInclude>
    <ClInclude Include="FocusReminder.h">
      <Filter>Header Files</Filter>
    </ClInclude>
    <ClInclude Include="ForthInt.h">
      <Filter>Header Files</Filter>
    </ClInclude>
    <ClInclude Include="GDAT.h">
      <Filter>Header Files</Filter>
    </ClInclude>
    <ClInclude Include="GDATDef.h">
      <Filter>Header Files</Filter>
    </ClInclude>
    <ClInclude Include="GDEdCtx.h">
      <Filter>Header Files</Filter>
    </ClInclude>
    <ClInclude Include="GDEdDef.h">
      <Filter>Header Files</Filter>
    </ClInclude>
    <ClInclude Include="GDEdOpt.h">
      <Filter>Header Files</Filter>
    </ClInclude>
    <ClInclude Include="GDEntry.h">
      <Filter>Header Files</Filter>
    </ClInclude>
    <ClInclude Include="GridCtrl\GridCell.h">
      <Filter>Header Files</Filter>
    </ClInclude>
    <ClInclude Include="GridCtrl\GridCellBase.h">
      <Filter>Header Files</Filter>
    </ClInclude>
    <ClInclude Include="GridCtrl\GridCellCheck.h">
      <Filter>Header Files</Filter>
    </ClInclude>
    <ClInclude Include="GridCtrl\GridCellCombo.h">
      <Filter>Header Files</Filter>
    </ClInclude>
    <ClInclude Include="GridCtrl\GridCtrl.h">
      <Filter>Header Files</Filter>
    </ClInclude>
    <ClInclude Include="GridCtrl\GridDropTarget.h">
      <Filter>Header Files</Filter>
    </ClInclude>
    <ClInclude Include="HexEditCB.h">
      <Filter>Header Files</Filter>
    </ClInclude>
    <ClInclude Include="HexEditFrame.h">
      <Filter>Header Files</Filter>
    </ClInclude>
    <ClInclude Include="HexEditView.h">
      <Filter>Header Files</Filter>
    </ClInclude>
    <ClInclude Include="hyperlink\HyperLink.h">
      <Filter>Header Files</Filter>
    </ClInclude>
    <ClInclude Include="ILSp.h">
      <Filter>Header Files</Filter>
    </ClInclude>
    <ClInclude Include="ImportDATFx.h">
      <Filter>Header Files</Filter>
    </ClInclude>
    <ClInclude Include="ImportQueryDlg.h">
      <Filter>Header Files</Filter>
    </ClInclude>
    <ClInclude Include="ImportResDlg.h">
      <Filter>Header Files</Filter>
    </ClInclude>
    <ClInclude Include="GridCtrl\InPlaceEdit.h">
      <Filter>Header Files</Filter>
    </ClInclude>
    <ClInclude Include="InprogressDlg.h">
      <Filter>Header Files</Filter>
    </ClInclude>
    <ClInclude Include="MainFrm.h">
      <Filter>Header Files</Filter>
    </ClInclude>
    <ClInclude Include="GridCtrl\MemDC.h">
      <Filter>Header Files</Filter>
    </ClInclude>
    <ClInclude Include="MemVuff.h">
      <Filter>Header Files</Filter>
    </ClInclude>
    <ClInclude Include="OleByteBin.h">
      <Filter>Header Files</Filter>
    </ClInclude>
    <ClInclude Include="OpenFileTypeDlg.h">
      <Filter>Header Files</Filter>
    </ClInclude>
    <ClInclude Include="OpenFTQueryFileDlg.h">
      <Filter>Header Files</Filter>
    </ClInclude>
    <ClInclude Include="OSP.h">
      <Filter>Header Files</Filter>
    </ClInclude>
    <ClInclude Include="PM.h">
      <Filter>Header Files</Filter>
    </ClInclude>
    <ClInclude Include="RCI.h">
      <Filter>Header Files</Filter>
    </ClInclude>
    <ClInclude Include="RCT2.h">
      <Filter>Header Files</Filter>
    </ClInclude>
    <ClInclude Include="ReplC1Dlg.h">
      <Filter>Header Files</Filter>
    </ClInclude>
    <ClInclude Include="Resource.h">
      <Filter>Header Files</Filter>
    </ClInclude>
    <ClInclude Include="RuneSelStatic.h">
      <Filter>Header Files</Filter>
    </ClInclude>
    <ClInclude Include="scb\scbarcf.h">
      <Filter>Header Files</Filter>
    </ClInclude>
    <ClInclude Include="scb\scbarg.h">
      <Filter>Header Files</Filter>
    </ClInclude>
    <ClInclude Include="SelCMDlg.h">
      <Filter>Header Files</Filter>
    </ClInclude>
    <ClInclude Include="scb\sizecbar.h">
      <Filter>Header Files</Filter>
    </ClInclude>
    <ClInclude Include="SizeVuff.h">
      <Filter>Header Files</Filter>
    </ClInclude>
    <ClInclude Include="SKTextGridCtrl.h">
      <Filter>Header Files</Filter>
    </ClInclude>
    <ClInclude Include="SplitStr.h">
      <Filter>Header Files</Filter>
    </ClInclude>
    <ClInclude Include="StaticImagePv.h">
      <Filter>Header Files</Filter>
    </ClInclude>
    <ClInclude Include="StdAfx.h">
      <Filter>Header Files</Filter>
    </ClInclude>
    <ClInclude Include="GridCtrl\TitleTip.h">
      <Filter>Header Files</Filter>
    </ClInclude>
    <ClInclude Include="Flatbar_src\ToolBarEx.h">
      <Filter>Header Files</Filter>
    </ClInclude>
    <ClInclude Include="WVCT.h">
      <Filter>Header Files</Filter>
    </ClInclude>
  </ItemGroup>
  <ItemGroup>
    <Image Include="res\bmp00001.bmp">
      <Filter>Resource Files</Filter>
    </Image>
    <Image Include="res\bmp00002.bmp">
      <Filter>Resource Files</Filter>
    </Image>
    <Image Include="res\bmp320by.bmp">
      <Filter>Resource Files</Filter>
    </Image>
    <Image Include="res\CmdATT.ico">
      <Filter>Resource Files</Filter>
    </Image>
    <Image Include="res\CmdDef.ico">
      <Filter>Resource Files</Filter>
    </Image>
    <Image Include="res\CmdEat.ico">
      <Filter>Resource Files</Filter>
    </Image>
    <Image Include="res\cmdef1.ico">
      <Filter>Resource Files</Filter>
    </Image>
    <Image Include="res\CmdWiz.ico">
      <Filter>Resource Files</Filter>
    </Image>
    <Image Include="res\CmdXXX.ico">
      <Filter>Resource Files</Filter>
    </Image>
    <Image Include="res\cmmap.ico">
      <Filter>Resource Files</Filter>
    </Image>
    <Image Include="res\cmway.ico">
      <Filter>Resource Files</Filter>
    </Image>
    <Image Include="res\cmwiz1.ico">
      <Filter>Resource Files</Filter>
    </Image>
    <Image Include="res\cmxxx.ico">
      <Filter>Resource Files</Filter>
    </Image>
    <Image Include="res\cmxxx1.ico">
      <Filter>Resource Files</Filter>
    </Image>
    <Image Include="res\DM2GDED.ico">
      <Filter>Resource Files</Filter>
    </Image>
    <Image Include="res\DM2GDEDDoc.ico">
      <Filter>Resource Files</Filter>
    </Image>
    <Image Include="res\GrpA.ico">
      <Filter>Resource Files</Filter>
    </Image>
    <Image Include="res\GrpC.ico">
      <Filter>Resource Files</Filter>
    </Image>
    <Image Include="res\GrpJ.ico">
      <Filter>Resource Files</Filter>
    </Image>
    <Image Include="res\GrpM.ico">
      <Filter>Resource Files</Filter>
    </Image>
    <Image Include="res\GrpP.ico">
      <Filter>Resource Files</Filter>
    </Image>
    <Image Include="res\GrpS.ico">
      <Filter>Resource Files</Filter>
    </Image>
    <Image Include="res\GrpW.ico">
      <Filter>Resource Files</Filter>
    </Image>
    <Image Include="res\icon1.ico">
      <Filter>Resource Files</Filter>
    </Image>
    <Image Include="res\idr_dm2g.ico">
      <Filter>Resource Files</Filter>
    </Image>
    <Image Include="res\idr_dm2s.ico">
      <Filter>Resource Files</Filter>
    </Image>
    <Image Include="res\idr_gded.ico">
      <Filter>Resource Files</Filter>
    </Image>
    <Image Include="res\idr_vwsc.ico">
      <Filter>Resource Files</Filter>
    </Image>
    <Image Include="res\ldef.ico">
      <Filter>Resource Files</Filter>
    </Image>
    <Image Include="res\paball.ico">
      <Filter>Resource Files</Filter>
    </Image>
    <Image Include="res\paew.ico">
      <Filter>Resource Files</Filter>
    </Image>
    <Image Include="res\paoh.ico">
      <Filter>Resource Files</Filter>
    </Image>
    <Image Include="res\paoh1.ico">
      <Filter>Resource Files</Filter>
    </Image>
    <Image Include="res\papull.ico">
      <Filter>Resource Files</Filter>
    </Image>
    <Image Include="res\papush.ico">
      <Filter>Resource Files</Filter>
    </Image>
    <Image Include="res\paven.ico">
      <Filter>Resource Files</Filter>
    </Image>
    <Image Include="res\pazo.ico">
      <Filter>Resource Files</Filter>
    </Image>
    <Image Include="res\runes.bmp">
      <Filter>Resource Files</Filter>
    </Image>
    <Image Include="res\Toolbar.bmp">
      <Filter>Resource Files</Filter>
    </Image>
    <Image Include="res\toolbar1.bmp">
      <Filter>Resource Files</Filter>
    </Image>
  </ItemGroup>
  <ItemGroup>
    <Manifest Include="res\DM2GDED.manifest">
      <Filter>Resource Files</Filter>
    </Manifest>
  </ItemGroup>
  <ItemGroup>
    <None Include="res\DM2GDED.rc2">
      <Filter>Resource Files</Filter>
    </None>
    <None Include="res\About.rtf" />
    <None Include="res\CHANGES.rtf" />
  </ItemGroup>
</Project>